
Microsoft Visual Studio Solution File, Format Version 12.00
Project("{FAE04EC0-301F-11D3-BF4B-00C04F79EFBC}") = "ProgrammingTechLesson2", "ProgrammingTechLesson2\ProgrammingTechLesson2.csproj", "{A55CE559-E541-49C8-B77D-AD2DC6C9590D}"
EndProject
Global
	GlobalSection(SolutionConfigurationPlatforms) = preSolution
		Debug|Any CPU = Debug|Any CPU
		Release|Any CPU = Release|Any CPU
	EndGlobalSection
	GlobalSection(ProjectConfigurationPlatforms) = postSolution
		{A55CE559-E541-49C8-B77D-AD2DC6C9590D}.Debug|Any CPU.ActiveCfg = Debug|Any CPU
		{A55CE559-E541-49C8-B77D-AD2DC6C9590D}.Debug|Any CPU.Build.0 = Debug|Any CPU
		{A55CE559-E541-49C8-B77D-AD2DC6C9590D}.Release|Any CPU.ActiveCfg = Release|Any CPU
		{A55CE559-E541-49C8-B77D-AD2DC6C9590D}.Release|Any CPU.Build.0 = Release|Any CPU
	EndGlobalSection
EndGlobal
